
Microsoft Visual Studio Solution File, Format Version 12.00
# Visual Studio Version 16
VisualStudioVersion = 16.0.31205.134
MinimumVisualStudioVersion = 10.0.40219.1
Project("{FAE04EC0-301F-11D3-BF4B-00C04F79EFBC}") = "ControleFinanças", "..\Verde-CRUD\ControleFinanças\ControleFinanças.csproj", "{68148E35-BD3C-4592-AE24-119E39AF455F}"
EndProject
Project("{FAE04EC0-301F-11D3-BF4B-00C04F79EFBC}") = "Entidade", "..\Verde-CRUD\Entidade\Entidade.csproj", "{83F78F0A-7E5D-4891-8663-1F6872AD0177}"
EndProject
Project("{FAE04EC0-301F-11D3-BF4B-00C04F79EFBC}") = "Repositorio", "..\Verde-CRUD\Repositorio\Repositorio.csproj", "{60C1A434-296D-4D6A-B7F6-BF7C61AEA59F}"
EndProject
Project("{FAE04EC0-301F-11D3-BF4B-00C04F79EFBC}") = "Serviços", "..\Verde-CRUD\Serviços\Serviços.csproj", "{1ED2EAB2-63C7-4EB6-9E71-3A53ABCEF9AE}"
EndProject
Project("{2150E333-8FDC-42A3-9474-1A3956D46DE8}") = "1 -Tela", "1 -Tela", "{C506F55F-661B-488D-9183-AA14A49AB04D}"
EndProject
Project("{2150E333-8FDC-42A3-9474-1A3956D46DE8}") = "2 - Entidade", "2 - Entidade", "{A336EA2D-6388-48B6-BCE7-51833E647EEA}"
EndProject
Project("{2150E333-8FDC-42A3-9474-1A3956D46DE8}") = "3 - Repositorio", "3 - Repositorio", "{0B5FD3B5-F46F-497A-8270-180928A1757A}"
EndProject
Project("{2150E333-8FDC-42A3-9474-1A3956D46DE8}") = "4 - Serviços", "4 - Serviços", "{F4DAF208-AF00-429D-A1F4-7606E1795DBF}"
EndProject
Global
	GlobalSection(SolutionConfigurationPlatforms) = preSolution
		Debug|Any CPU = Debug|Any CPU
		Release|Any CPU = Release|Any CPU
	EndGlobalSection
	GlobalSection(ProjectConfigurationPlatforms) = postSolution
		{68148E35-BD3C-4592-AE24-119E39AF455F}.Debug|Any CPU.ActiveCfg = Debug|Any CPU
		{68148E35-BD3C-4592-AE24-119E39AF455F}.Debug|Any CPU.Build.0 = Debug|Any CPU
		{68148E35-BD3C-4592-AE24-119E39AF455F}.Release|Any CPU.ActiveCfg = Release|Any CPU
		{68148E35-BD3C-4592-AE24-119E39AF455F}.Release|Any CPU.Build.0 = Release|Any CPU
		{83F78F0A-7E5D-4891-8663-1F6872AD0177}.Debug|Any CPU.ActiveCfg = Debug|Any CPU
		{83F78F0A-7E5D-4891-8663-1F6872AD0177}.Debug|Any CPU.Build.0 = Debug|Any CPU
		{83F78F0A-7E5D-4891-8663-1F6872AD0177}.Release|Any CPU.ActiveCfg = Release|Any CPU
		{83F78F0A-7E5D-4891-8663-1F6872AD0177}.Release|Any CPU.Build.0 = Release|Any CPU
		{60C1A434-296D-4D6A-B7F6-BF7C61AEA59F}.Debug|Any CPU.ActiveCfg = Debug|Any CPU
		{60C1A434-296D-4D6A-B7F6-BF7C61AEA59F}.Debug|Any CPU.Build.0 = Debug|Any CPU
		{60C1A434-296D-4D6A-B7F6-BF7C61AEA59F}.Release|Any CPU.ActiveCfg = Release|Any CPU
		{60C1A434-296D-4D6A-B7F6-BF7C61AEA59F}.Release|Any CPU.Build.0 = Release|Any CPU
		{1ED2EAB2-63C7-4EB6-9E71-3A53ABCEF9AE}.Debug|Any CPU.ActiveCfg = Debug|Any CPU
		{1ED2EAB2-63C7-4EB6-9E71-3A53ABCEF9AE}.Debug|Any CPU.Build.0 = Debug|Any CPU
		{1ED2EAB2-63C7-4EB6-9E71-3A53ABCEF9AE}.Release|Any CPU.ActiveCfg = Release|Any CPU
		{1ED2EAB2-63C7-4EB6-9E71-3A53ABCEF9AE}.Release|Any CPU.Build.0 = Release|Any CPU
	EndGlobalSection
	GlobalSection(SolutionProperties) = preSolution
		HideSolutionNode = FALSE
	EndGlobalSection
	GlobalSection(NestedProjects) = preSolution
		{68148E35-BD3C-4592-AE24-119E39AF455F} = {C506F55F-661B-488D-9183-AA14A49AB04D}
		{83F78F0A-7E5D-4891-8663-1F6872AD0177} = {A336EA2D-6388-48B6-BCE7-51833E647EEA}
		{60C1A434-296D-4D6A-B7F6-BF7C61AEA59F} = {0B5FD3B5-F46F-497A-8270-180928A1757A}
		{1ED2EAB2-63C7-4EB6-9E71-3A53ABCEF9AE} = {F4DAF208-AF00-429D-A1F4-7606E1795DBF}
	EndGlobalSection
	GlobalSection(ExtensibilityGlobals) = postSolution
		SolutionGuid = {49796C8C-529B-48EB-A52F-324BD1E61CFE}
	EndGlobalSection
EndGlobal
